
Microsoft Visual Studio Solution File, Format Version 12.00
# Visual Studio Version 17
VisualStudioVersion = 17.14.37111.16
MinimumVisualStudioVersion = 10.0.40219.1
Project("{FAE04EC0-301F-11D3-BF4B-00C04F79EFBC}") = "Web", "Web.csproj", "{3032A3DB-6DF8-424B-8A76-CAFD2B878401}"
EndProject
Project("{FAE04EC0-301F-11D3-BF4B-00C04F79EFBC}") = "Abstracciones", "..\Abstracciones\Abstracciones.csproj", "{DC4C8888-7A8A-4F3A-AB05-774736C94488}"
EndProject
Project("{FAE04EC0-301F-11D3-BF4B-00C04F79EFBC}") = "Reglas", "..\Reglas\Reglas.csproj", "{A95AFE6E-EF33-4BAE-A7B1-5DA0B72BB5F7}"
EndProject
Global
	GlobalSection(SolutionConfigurationPlatforms) = preSolution
		Debug|Any CPU = Debug|Any CPU
		Release|Any CPU = Release|Any CPU
	EndGlobalSection
	GlobalSection(ProjectConfigurationPlatforms) = postSolution
		{3032A3DB-6DF8-424B-8A76-CAFD2B878401}.Debug|Any CPU.ActiveCfg = Debug|Any CPU
		{3032A3DB-6DF8-424B-8A76-CAFD2B878401}.Debug|Any CPU.Build.0 = Debug|Any CPU
		{3032A3DB-6DF8-424B-8A76-CAFD2B878401}.Release|Any CPU.ActiveCfg = Release|Any CPU
		{3032A3DB-6DF8-424B-8A76-CAFD2B878401}.Release|Any CPU.Build.0 = Release|Any CPU
		{DC4C8888-7A8A-4F3A-AB05-774736C94488}.Debug|Any CPU.ActiveCfg = Debug|Any CPU
		{DC4C8888-7A8A-4F3A-AB05-774736C94488}.Debug|Any CPU.Build.0 = Debug|Any CPU
		{DC4C8888-7A8A-4F3A-AB05-774736C94488}.Release|Any CPU.ActiveCfg = Release|Any CPU
		{DC4C8888-7A8A-4F3A-AB05-774736C94488}.Release|Any CPU.Build.0 = Release|Any CPU
		{A95AFE6E-EF33-4BAE-A7B1-5DA0B72BB5F7}.Debug|Any CPU.ActiveCfg = Debug|Any CPU
		{A95AFE6E-EF33-4BAE-A7B1-5DA0B72BB5F7}.Debug|Any CPU.Build.0 = Debug|Any CPU
		{A95AFE6E-EF33-4BAE-A7B1-5DA0B72BB5F7}.Release|Any CPU.ActiveCfg = Release|Any CPU
		{A95AFE6E-EF33-4BAE-A7B1-5DA0B72BB5F7}.Release|Any CPU.Build.0 = Release|Any CPU
	EndGlobalSection
	GlobalSection(SolutionProperties) = preSolution
		HideSolutionNode = FALSE
	EndGlobalSection
	GlobalSection(ExtensibilityGlobals) = postSolution
		SolutionGuid = {70A56914-CFD4-4514-BF72-2B7126325074}
	EndGlobalSection
EndGlobal
